
Microsoft Visual Studio Solution File, Format Version 12.00
# Visual Studio Version 17
VisualStudioVersion = 17.14.37411.7 d17.14
MinimumVisualStudioVersion = 10.0.40219.1
Project("{FAE04EC0-301F-11D3-BF4B-00C04F79EFBC}") = "BoilerConsoleApplication", "BoilerConsoleApplication.csproj", "{EFBFF2CD-F04A-476A-A720-2AF6EFC2CF63}"
EndProject
Global
	GlobalSection(SolutionConfigurationPlatforms) = preSolution
		Debug|Any CPU = Debug|Any CPU
		Release|Any CPU = Release|Any CPU
	EndGlobalSection
	GlobalSection(ProjectConfigurationPlatforms) = postSolution
		{EFBFF2CD-F04A-476A-A720-2AF6EFC2CF63}.Debug|Any CPU.ActiveCfg = Debug|Any CPU
		{EFBFF2CD-F04A-476A-A720-2AF6EFC2CF63}.Debug|Any CPU.Build.0 = Debug|Any CPU
		{EFBFF2CD-F04A-476A-A720-2AF6EFC2CF63}.Release|Any CPU.ActiveCfg = Release|Any CPU
		{EFBFF2CD-F04A-476A-A720-2AF6EFC2CF63}.Release|Any CPU.Build.0 = Release|Any CPU
	EndGlobalSection
	GlobalSection(SolutionProperties) = preSolution
		HideSolutionNode = FALSE
	EndGlobalSection
	GlobalSection(ExtensibilityGlobals) = postSolution
		SolutionGuid = {04412A0B-A1F3-40C3-9AE0-71D5A29A0F88}
	EndGlobalSection
EndGlobal
